
Microsoft Visual Studio Solution File, Format Version 12.00
# Visual Studio Version 17
VisualStudioVersion = 17.7.34018.315
MinimumVisualStudioVersion = 10.0.40219.1
Project("{FAE04EC0-301F-11D3-BF4B-00C04F79EFBC}") = "MetaHealthMaui", "MetaHealthMaui.csproj", "{32D8208B-4B08-4E0C-8727-6D05B34A2827}"
EndProject
Project("{FAE04EC0-301F-11D3-BF4B-00C04F79EFBC}") = "BleDev", "..\BleDev\BleDev.csproj", "{39D1B312-9450-4220-81C7-550974B9067A}"
EndProject
Global
	GlobalSection(SolutionConfigurationPlatforms) = preSolution
		Debug|Any CPU = Debug|Any CPU
		Release|Any CPU = Release|Any CPU
	EndGlobalSection
	GlobalSection(ProjectConfigurationPlatforms) = postSolution
		{32D8208B-4B08-4E0C-8727-6D05B34A2827}.Debug|Any CPU.ActiveCfg = Debug|Any CPU
		{32D8208B-4B08-4E0C-8727-6D05B34A2827}.Debug|Any CPU.Build.0 = Debug|Any CPU
		{32D8208B-4B08-4E0C-8727-6D05B34A2827}.Debug|Any CPU.Deploy.0 = Debug|Any CPU
		{32D8208B-4B08-4E0C-8727-6D05B34A2827}.Release|Any CPU.ActiveCfg = Release|Any CPU
		{32D8208B-4B08-4E0C-8727-6D05B34A2827}.Release|Any CPU.Build.0 = Release|Any CPU
		{32D8208B-4B08-4E0C-8727-6D05B34A2827}.Release|Any CPU.Deploy.0 = Release|Any CPU
		{39D1B312-9450-4220-81C7-550974B9067A}.Debug|Any CPU.ActiveCfg = Debug|Any CPU
		{39D1B312-9450-4220-81C7-550974B9067A}.Debug|Any CPU.Build.0 = Debug|Any CPU
		{39D1B312-9450-4220-81C7-550974B9067A}.Release|Any CPU.ActiveCfg = Release|Any CPU
		{39D1B312-9450-4220-81C7-550974B9067A}.Release|Any CPU.Build.0 = Release|Any CPU
	EndGlobalSection
	GlobalSection(SolutionProperties) = preSolution
		HideSolutionNode = FALSE
	EndGlobalSection
	GlobalSection(ExtensibilityGlobals) = postSolution
		SolutionGuid = {F12FE861-44CA-4C24-BEEF-2B6D117F518A}
	EndGlobalSection
EndGlobal
